
Microsoft Visual Studio Solution File, Format Version 12.00
# Visual Studio 2017
Project("{FAE04EC0-301F-11D3-BF4B-00C04F79EFBC}") = "StarShooter", "StarShooter.csproj", "{32361AE8-ABEC-6961-E5F4-D8E3A761FD31}"
EndProject
Project("{FAE04EC0-301F-11D3-BF4B-00C04F79EFBC}") = "StarShooter.Editor", "StarShooter.Editor.csproj", "{ED99E1AC-9CD4-DFA5-E986-D8B9179C5212}"
EndProject
Global
	GlobalSection(SolutionConfigurationPlatforms) = preSolution
		Debug|Any CPU = Debug|Any CPU
		Release|Any CPU = Release|Any CPU
	EndGlobalSection
	GlobalSection(ProjectConfigurationPlatforms) = postSolution
		{32361AE8-ABEC-6961-E5F4-D8E3A761FD31}.Debug|Any CPU.ActiveCfg = Debug|Any CPU
		{32361AE8-ABEC-6961-E5F4-D8E3A761FD31}.Debug|Any CPU.Build.0 = Debug|Any CPU
		{32361AE8-ABEC-6961-E5F4-D8E3A761FD31}.Release|Any CPU.ActiveCfg = Release|Any CPU
		{32361AE8-ABEC-6961-E5F4-D8E3A761FD31}.Release|Any CPU.Build.0 = Release|Any CPU
		{ED99E1AC-9CD4-DFA5-E986-D8B9179C5212}.Debug|Any CPU.ActiveCfg = Debug|Any CPU
		{ED99E1AC-9CD4-DFA5-E986-D8B9179C5212}.Debug|Any CPU.Build.0 = Debug|Any CPU
		{ED99E1AC-9CD4-DFA5-E986-D8B9179C5212}.Release|Any CPU.ActiveCfg = Release|Any CPU
		{ED99E1AC-9CD4-DFA5-E986-D8B9179C5212}.Release|Any CPU.Build.0 = Release|Any CPU
	EndGlobalSection
	GlobalSection(SolutionProperties) = preSolution
		HideSolutionNode = FALSE
	EndGlobalSection
EndGlobal
